// !$*UTF8*$!
{
	archiveVersion = 1;
	classes = {
	};
	objectVersion = 50;
	objects = {

/* Begin PBXBuildFile section */
		BA1F7B3723459C1600ACCD41 /* VirtualTouristMapAnnotation.swift in Sources */ = {isa = PBXBuildFile; fileRef = BA1F7B3623459C1600ACCD41 /* VirtualTouristMapAnnotation.swift */; };
		BA3BC33C2347E802008C6320 /* FlickrAPIClient.swift in Sources */ = {isa = PBXBuildFile; fileRef = BA3BC33B2347E802008C6320 /* FlickrAPIClient.swift */; };
		BA4C516A2340583C0024188C /* AppDelegate.swift in Sources */ = {isa = PBXBuildFile; fileRef = BA4C51692340583C0024188C /* AppDelegate.swift */; };
		BA4C516C2340583C0024188C /* SceneDelegate.swift in Sources */ = {isa = PBXBuildFile; fileRef = BA4C516B2340583C0024188C /* SceneDelegate.swift */; };
		BA4C516E2340583C0024188C /* ContentView.swift in Sources */ = {isa = PBXBuildFile; fileRef = BA4C516D2340583C0024188C /* ContentView.swift */; };
		BA4C5170234058410024188C /* Assets.xcassets in Resources */ = {isa = PBXBuildFile; fileRef = BA4C516F234058410024188C /* Assets.xcassets */; };
		BA4C5173234058410024188C /* Preview Assets.xcassets in Resources */ = {isa = PBXBuildFile; fileRef = BA4C5172234058410024188C /* Preview Assets.xcassets */; };
		BA4C5176234058410024188C /* LaunchScreen.storyboard in Resources */ = {isa = PBXBuildFile; fileRef = BA4C5174234058410024188C /* LaunchScreen.storyboard */; };
		BA4C51AE234061D40024188C /* TravelLocationsViewController.swift in Sources */ = {isa = PBXBuildFile; fileRef = BA4C51AD234061D40024188C /* TravelLocationsViewController.swift */; };
		BA4C51B0234061F40024188C /* MapStoryboard.storyboard in Resources */ = {isa = PBXBuildFile; fileRef = BA4C51AF234061F40024188C /* MapStoryboard.storyboard */; };
		BA68511C234066D300F85F47 /* MapLocation.swift in Sources */ = {isa = PBXBuildFile; fileRef = BA68511B234066D300F85F47 /* MapLocation.swift */; };
		BA8AC2F4234711D80089EC49 /* CollectionViewCell.swift in Sources */ = {isa = PBXBuildFile; fileRef = BA8AC2F3234711D80089EC49 /* CollectionViewCell.swift */; };
		BA8AC2F6234713450089EC49 /* CollectionViewDelegate.swift in Sources */ = {isa = PBXBuildFile; fileRef = BA8AC2F5234713450089EC49 /* CollectionViewDelegate.swift */; };
		BAAC995A23484D8700A5B0DD /* FlickrAPIPhotoSearchResponse.swift in Sources */ = {isa = PBXBuildFile; fileRef = BAAC995923484D8700A5B0DD /* FlickrAPIPhotoSearchResponse.swift */; };
		BAAC995E23484DD200A5B0DD /* FlickrAPIErrorResponse.swift in Sources */ = {isa = PBXBuildFile; fileRef = BAAC995D23484DD200A5B0DD /* FlickrAPIErrorResponse.swift */; };
		BAECE843234073F7001989ED /* VirtualTourist.xcdatamodeld in Sources */ = {isa = PBXBuildFile; fileRef = BAECE841234073F7001989ED /* VirtualTourist.xcdatamodeld */; };
		BAECE84523423176001989ED /* PhotoAlbumViewController.swift in Sources */ = {isa = PBXBuildFile; fileRef = BAECE84423423176001989ED /* PhotoAlbumViewController.swift */; };
		BAECE847234234F4001989ED /* DataController.swift in Sources */ = {isa = PBXBuildFile; fileRef = BAECE846234234F4001989ED /* DataController.swift */; };
		BAECE84B234253E2001989ED /* UIViewController+Helpers.swift in Sources */ = {isa = PBXBuildFile; fileRef = BAECE84A234253E2001989ED /* UIViewController+Helpers.swift */; };
		BAECE84D234258AC001989ED /* MapViewDelegate.swift in Sources */ = {isa = PBXBuildFile; fileRef = BAECE84C234258AC001989ED /* MapViewDelegate.swift */; };
		BAECE84F23426389001989ED /* Pin+Helpers.swift in Sources */ = {isa = PBXBuildFile; fileRef = BAECE84E23426389001989ED /* Pin+Helpers.swift */; };
/* End PBXBuildFile section */

/* Begin PBXFileReference section */
		BA1F7B3623459C1600ACCD41 /* VirtualTouristMapAnnotation.swift */ = {isa = PBXFileReference; lastKnownFileType = sourcecode.swift; path = VirtualTouristMapAnnotation.swift; sourceTree = "<group>"; };
		BA3BC33B2347E802008C6320 /* FlickrAPIClient.swift */ = {isa = PBXFileReference; lastKnownFileType = sourcecode.swift; path = FlickrAPIClient.swift; sourceTree = "<group>"; };
		BA4C51662340583C0024188C /* VirtualTourist.app */ = {isa = PBXFileReference; explicitFileType = wrapper.application; includeInIndex = 0; path = VirtualTourist.app; sourceTree = BUILT_PRODUCTS_DIR; };
		BA4C51692340583C0024188C /* AppDelegate.swift */ = {isa = PBXFileReference; lastKnownFileType = sourcecode.swift; path = AppDelegate.swift; sourceTree = "<group>"; };
		BA4C516B2340583C0024188C /* SceneDelegate.swift */ = {isa = PBXFileReference; lastKnownFileType = sourcecode.swift; path = SceneDelegate.swift; sourceTree = "<group>"; };
		BA4C516D2340583C0024188C /* ContentView.swift */ = {isa = PBXFileReference; lastKnownFileType = sourcecode.swift; path = ContentView.swift; sourceTree = "<group>"; };
		BA4C516F234058410024188C /* Assets.xcassets */ = {isa = PBXFileReference; lastKnownFileType = folder.assetcatalog; path = Assets.xcassets; sourceTree = "<group>"; };
		BA4C5172234058410024188C /* Preview Assets.xcassets */ = {isa = PBXFileReference; lastKnownFileType = folder.assetcatalog; path = "Preview Assets.xcassets"; sourceTree = "<group>"; };
		BA4C5175234058410024188C /* Base */ = {isa = PBXFileReference; lastKnownFileType = file.storyboard; name = Base; path = Base.lproj/LaunchScreen.storyboard; sourceTree = "<group>"; };
		BA4C5177234058410024188C /* Info.plist */ = {isa = PBXFileReference; lastKnownFileType = text.plist.xml; path = Info.plist; sourceTree = "<group>"; };
		BA4C51AD234061D40024188C /* TravelLocationsViewController.swift */ = {isa = PBXFileReference; lastKnownFileType = sourcecode.swift; path = TravelLocationsViewController.swift; sourceTree = "<group>"; };
		BA4C51AF234061F40024188C /* MapStoryboard.storyboard */ = {isa = PBXFileReference; lastKnownFileType = file.storyboard; path = MapStoryboard.storyboard; sourceTree = "<group>"; };
		BA68511B234066D300F85F47 /* MapLocation.swift */ = {isa = PBXFileReference; lastKnownFileType = sourcecode.swift; path = MapLocation.swift; sourceTree = "<group>"; };
		BA8AC2F3234711D80089EC49 /* CollectionViewCell.swift */ = {isa = PBXFileReference; lastKnownFileType = sourcecode.swift; path = CollectionViewCell.swift; sourceTree = "<group>"; };
		BA8AC2F5234713450089EC49 /* CollectionViewDelegate.swift */ = {isa = PBXFileReference; lastKnownFileType = sourcecode.swift; path = CollectionViewDelegate.swift; sourceTree = "<group>"; };
		BAAC995923484D8700A5B0DD /* FlickrAPIPhotoSearchResponse.swift */ = {isa = PBXFileReference; lastKnownFileType = sourcecode.swift; path = FlickrAPIPhotoSearchResponse.swift; sourceTree = "<group>"; };
		BAAC995D23484DD200A5B0DD /* FlickrAPIErrorResponse.swift */ = {isa = PBXFileReference; lastKnownFileType = sourcecode.swift; path = FlickrAPIErrorResponse.swift; sourceTree = "<group>"; };
		BAECE842234073F7001989ED /* VirtualTourist.xcdatamodel */ = {isa = PBXFileReference; lastKnownFileType = wrapper.xcdatamodel; path = VirtualTourist.xcdatamodel; sourceTree = "<group>"; };
		BAECE84423423176001989ED /* PhotoAlbumViewController.swift */ = {isa = PBXFileReference; lastKnownFileType = sourcecode.swift; path = PhotoAlbumViewController.swift; sourceTree = "<group>"; };
		BAECE846234234F4001989ED /* DataController.swift */ = {isa = PBXFileReference; lastKnownFileType = sourcecode.swift; path = DataController.swift; sourceTree = "<group>"; };
		BAECE84A234253E2001989ED /* UIViewController+Helpers.swift */ = {isa = PBXFileReference; lastKnownFileType = sourcecode.swift; path = "UIViewController+Helpers.swift"; sourceTree = "<group>"; };
		BAECE84C234258AC001989ED /* MapViewDelegate.swift */ = {isa = PBXFileReference; lastKnownFileType = sourcecode.swift; path = MapViewDelegate.swift; sourceTree = "<group>"; };
		BAECE84E23426389001989ED /* Pin+Helpers.swift */ = {isa = PBXFileReference; lastKnownFileType = sourcecode.swift; path = "Pin+Helpers.swift"; sourceTree = "<group>"; };
/* End PBXFileReference section */

/* Begin PBXFrameworksBuildPhase section */
		BA4C51632340583C0024188C /* Frameworks */ = {
			isa = PBXFrameworksBuildPhase;
			buildActionMask = 2147483647;
			files = (
			);
			runOnlyForDeploymentPostprocessing = 0;
		};
/* End PBXFrameworksBuildPhase section */

/* Begin PBXGroup section */
		BA4C515D2340583C0024188C = {
			isa = PBXGroup;
			children = (
				BA4C51682340583C0024188C /* VirtualTourist */,
				BA4C51672340583C0024188C /* Products */,
			);
			sourceTree = "<group>";
		};
		BA4C51672340583C0024188C /* Products */ = {
			isa = PBXGroup;
			children = (
				BA4C51662340583C0024188C /* VirtualTourist.app */,
			);
			name = Products;
			sourceTree = "<group>";
		};
		BA4C51682340583C0024188C /* VirtualTourist */ = {
			isa = PBXGroup;
			children = (
				BA4C51692340583C0024188C /* AppDelegate.swift */,
				BA4C516B2340583C0024188C /* SceneDelegate.swift */,
				BA4C51AC234061890024188C /* Storyboards */,
				BA4C51AB2340617B0024188C /* View */,
				BA4C51AA234061730024188C /* Model */,
				BA4C516F234058410024188C /* Assets.xcassets */,
				BA4C5177234058410024188C /* Info.plist */,
				BA4C5171234058410024188C /* Preview Content */,
			);
			path = VirtualTourist;
			sourceTree = "<group>";
		};
		BA4C5171234058410024188C /* Preview Content */ = {
			isa = PBXGroup;
			children = (
				BA4C5172234058410024188C /* Preview Assets.xcassets */,
			);
			path = "Preview Content";
			sourceTree = "<group>";
		};
		BA4C51AA234061730024188C /* Model */ = {
			isa = PBXGroup;
			children = (
				BA84C75E2349ACA400DCEA44 /* Delegates */,
				BAAC995C23484DAA00A5B0DD /* Flickr API */,
				BA84C75F2349ACD500DCEA44 /* Core Data */,
				BA68511B234066D300F85F47 /* MapLocation.swift */,
				BA1F7B3623459C1600ACCD41 /* VirtualTouristMapAnnotation.swift */,
				BA8AC2F3234711D80089EC49 /* CollectionViewCell.swift */,
			);
			path = Model;
			sourceTree = "<group>";
		};
		BA4C51AB2340617B0024188C /* View */ = {
			isa = PBXGroup;
			children = (
				BA4C516D2340583C0024188C /* ContentView.swift */,
				BA4C51AD234061D40024188C /* TravelLocationsViewController.swift */,
				BAECE84423423176001989ED /* PhotoAlbumViewController.swift */,
				BAECE84A234253E2001989ED /* UIViewController+Helpers.swift */,
			);
			path = View;
			sourceTree = "<group>";
		};
		BA4C51AC234061890024188C /* Storyboards */ = {
			isa = PBXGroup;
			children = (
				BA4C5174234058410024188C /* LaunchScreen.storyboard */,
				BA4C51AF234061F40024188C /* MapStoryboard.storyboard */,
			);
			path = Storyboards;
			sourceTree = "<group>";
		};
		BA84C75E2349ACA400DCEA44 /* Delegates */ = {
			isa = PBXGroup;
			children = (
				BAECE84C234258AC001989ED /* MapViewDelegate.swift */,
				BA8AC2F5234713450089EC49 /* CollectionViewDelegate.swift */,
			);
			path = Delegates;
			sourceTree = "<group>";
		};
		BA84C75F2349ACD500DCEA44 /* Core Data */ = {
			isa = PBXGroup;
			children = (
				BAECE841234073F7001989ED /* VirtualTourist.xcdatamodeld */,
				BAECE846234234F4001989ED /* DataController.swift */,
				BAECE84E23426389001989ED /* Pin+Helpers.swift */,
			);
			path = "Core Data";
			sourceTree = "<group>";
		};
		BAAC995C23484DAA00A5B0DD /* Flickr API */ = {
			isa = PBXGroup;
			children = (
				BA3BC33B2347E802008C6320 /* FlickrAPIClient.swift */,
				BAAC995923484D8700A5B0DD /* FlickrAPIPhotoSearchResponse.swift */,
				BAAC995D23484DD200A5B0DD /* FlickrAPIErrorResponse.swift */,
			);
			path = "Flickr API";
			sourceTree = "<group>";
		};
/* End PBXGroup section */

/* Begin PBXNativeTarget section */
		BA4C51652340583C0024188C /* VirtualTourist */ = {
			isa = PBXNativeTarget;
			buildConfigurationList = BA4C517A234058410024188C /* Build configuration list for PBXNativeTarget "VirtualTourist" */;
			buildPhases = (
				BA4C51622340583C0024188C /* Sources */,
				BA4C51632340583C0024188C /* Frameworks */,
				BA4C51642340583C0024188C /* Resources */,
			);
			buildRules = (
			);
			dependencies = (
			);
			name = VirtualTourist;
			productName = VirtualTourist;
			productReference = BA4C51662340583C0024188C /* VirtualTourist.app */;
			productType = "com.apple.product-type.application";
		};
/* End PBXNativeTarget section */

/* Begin PBXProject section */
		BA4C515E2340583C0024188C /* Project object */ = {
			isa = PBXProject;
			attributes = {
				LastSwiftUpdateCheck = 1100;
				LastUpgradeCheck = 1100;
				ORGANIZATIONNAME = Praxsis;
				TargetAttributes = {
					BA4C51652340583C0024188C = {
						CreatedOnToolsVersion = 11.0;
					};
				};
			};
			buildConfigurationList = BA4C51612340583C0024188C /* Build configuration list for PBXProject "VirtualTourist" */;
			compatibilityVersion = "Xcode 9.3";
			developmentRegion = en;
			hasScannedForEncodings = 0;
			knownRegions = (
				en,
				Base,
			);
			mainGroup = BA4C515D2340583C0024188C;
			productRefGroup = BA4C51672340583C0024188C /* Products */;
			projectDirPath = "";
			projectRoot = "";
			targets = (
				BA4C51652340583C0024188C /* VirtualTourist */,
			);
		};
/* End PBXProject section */

/* Begin PBXResourcesBuildPhase section */
		BA4C51642340583C0024188C /* Resources */ = {
			isa = PBXResourcesBuildPhase;
			buildActionMask = 2147483647;
			files = (
				BA4C5176234058410024188C /* LaunchScreen.storyboard in Resources */,
				BA4C5173234058410024188C /* Preview Assets.xcassets in Resources */,
				BA4C51B0234061F40024188C /* MapStoryboard.storyboard in Resources */,
				BA4C5170234058410024188C /* Assets.xcassets in Resources */,
			);
			runOnlyForDeploymentPostprocessing = 0;
		};
/* End PBXResourcesBuildPhase section */

/* Begin PBXSourcesBuildPhase section */
		BA4C51622340583C0024188C /* Sources */ = {
			isa = PBXSourcesBuildPhase;
			buildActionMask = 2147483647;
			files = (
				BA1F7B3723459C1600ACCD41 /* VirtualTouristMapAnnotation.swift in Sources */,
				BA4C516A2340583C0024188C /* AppDelegate.swift in Sources */,
				BA3BC33C2347E802008C6320 /* FlickrAPIClient.swift in Sources */,
				BAECE84523423176001989ED /* PhotoAlbumViewController.swift in Sources */,
				BA4C516C2340583C0024188C /* SceneDelegate.swift in Sources */,
				BAECE843234073F7001989ED /* VirtualTourist.xcdatamodeld in Sources */,
				BAECE84B234253E2001989ED /* UIViewController+Helpers.swift in Sources */,
				BA68511C234066D300F85F47 /* MapLocation.swift in Sources */,
				BAECE84F23426389001989ED /* Pin+Helpers.swift in Sources */,
				BAAC995A23484D8700A5B0DD /* FlickrAPIPhotoSearchResponse.swift in Sources */,
				BA8AC2F4234711D80089EC49 /* CollectionViewCell.swift in Sources */,
				BAECE84D234258AC001989ED /* MapViewDelegate.swift in Sources */,
				BAECE847234234F4001989ED /* DataController.swift in Sources */,
				BA8AC2F6234713450089EC49 /* CollectionViewDelegate.swift in Sources */,
				BA4C516E2340583C0024188C /* ContentView.swift in Sources */,
				BA4C51AE234061D40024188C /* TravelLocationsViewController.swift in Sources */,
				BAAC995E23484DD200A5B0DD /* FlickrAPIErrorResponse.swift in Sources */,
			);
			runOnlyForDeploymentPostprocessing = 0;
		};
/* End PBXSourcesBuildPhase section */

/* Begin PBXVariantGroup section */
		BA4C5174234058410024188C /* LaunchScreen.storyboard */ = {
			isa = PBXVariantGroup;
			children = (
				BA4C5175234058410024188C /* Base */,
			);
			name = LaunchScreen.storyboard;
			sourceTree = "<group>";
		};
/* End PBXVariantGroup section */

/* Begin XCBuildConfiguration section */
		BA4C5178234058410024188C /* Debug */ = {
			isa = XCBuildConfiguration;
			buildSettings = {
				ALWAYS_SEARCH_USER_PATHS = NO;
				CLANG_ANALYZER_NONNULL = YES;
				CLANG_ANALYZER_NUMBER_OBJECT_CONVERSION = YES_AGGRESSIVE;
				CLANG_CXX_LANGUAGE_STANDARD = "gnu++14";
				CLANG_CXX_LIBRARY = "libc++";
				CLANG_ENABLE_MODULES = YES;
				CLANG_ENABLE_OBJC_ARC = YES;
				CLANG_ENABLE_OBJC_WEAK = YES;
				CLANG_WARN_BLOCK_CAPTURE_AUTORELEASING = YES;
				CLANG_WARN_BOOL_CONVERSION = YES;
				CLANG_WARN_COMMA = YES;
				CLANG_WARN_CONSTANT_CONVERSION = YES;
				CLANG_WARN_DEPRECATED_OBJC_IMPLEMENTATIONS = YES;
				CLANG_WARN_DIRECT_OBJC_ISA_USAGE = YES_ERROR;
				CLANG_WARN_DOCUMENTATION_COMMENTS = YES;
				CLANG_WARN_EMPTY_BODY = YES;
				CLANG_WARN_ENUM_CONVERSION = YES;
				CLANG_WARN_INFINITE_RECURSION = YES;
				CLANG_WARN_INT_CONVERSION = YES;
				CLANG_WARN_NON_LITERAL_NULL_CONVERSION = YES;
				CLANG_WARN_OBJC_IMPLICIT_RETAIN_SELF = YES;
				CLANG_WARN_OBJC_LITERAL_CONVERSION = YES;
				CLANG_WARN_OBJC_ROOT_CLASS = YES_ERROR;
				CLANG_WARN_RANGE_LOOP_ANALYSIS = YES;
				CLANG_WARN_STRICT_PROTOTYPES = YES;
				CLANG_WARN_SUSPICIOUS_MOVE = YES;
				CLANG_WARN_UNGUARDED_AVAILABILITY = YES_AGGRESSIVE;
				CLANG_WARN_UNREACHABLE_CODE = YES;
				CLANG_WARN__DUPLICATE_METHOD_MATCH = YES;
				COPY_PHASE_STRIP = NO;
				DEBUG_INFORMATION_FORMAT = dwarf;
				ENABLE_STRICT_OBJC_MSGSEND = YES;
				ENABLE_TESTABILITY = YES;
				GCC_C_LANGUAGE_STANDARD = gnu11;
				GCC_DYNAMIC_NO_PIC = NO;
				GCC_NO_COMMON_BLOCKS = YES;
				GCC_OPTIMIZATION_LEVEL = 0;
				GCC_PREPROCESSOR_DEFINITIONS = (
					"DEBUG=1",
					"$(inherited)",
				);
				GCC_WARN_64_TO_32_BIT_CONVERSION = YES;
				GCC_WARN_ABOUT_RETURN_TYPE = YES_ERROR;
				GCC_WARN_UNDECLARED_SELECTOR = YES;
				GCC_WARN_UNINITIALIZED_AUTOS = YES_AGGRESSIVE;
				GCC_WARN_UNUSED_FUNCTION = YES;
				GCC_WARN_UNUSED_VARIABLE = YES;
				IPHONEOS_DEPLOYMENT_TARGET = 13.0;
				MTL_ENABLE_DEBUG_INFO = INCLUDE_SOURCE;
				MTL_FAST_MATH = YES;
				ONLY_ACTIVE_ARCH = YES;
				SDKROOT = iphoneos;
				SWIFT_ACTIVE_COMPILATION_CONDITIONS = DEBUG;
				SWIFT_OPTIMIZATION_LEVEL = "-Onone";
			};
			name = Debug;
		};
		BA4C5179234058410024188C /* Release */ = {
			isa = XCBuildConfiguration;
			buildSettings = {
				ALWAYS_SEARCH_USER_PATHS = NO;
				CLANG_ANALYZER_NONNULL = YES;
				CLANG_ANALYZER_NUMBER_OBJECT_CONVERSION = YES_AGGRESSIVE;
				CLANG_CXX_LANGUAGE_STANDARD = "gnu++14";
				CLANG_CXX_LIBRARY = "libc++";
				CLANG_ENABLE_MODULES = YES;
				CLANG_ENABLE_OBJC_ARC = YES;
				CLANG_ENABLE_OBJC_WEAK = YES;
				CLANG_WARN_BLOCK_CAPTURE_AUTORELEASING = YES;
				CLANG_WARN_BOOL_CONVERSION = YES;
				CLANG_WARN_COMMA = YES;
				CLANG_WARN_CONSTANT_CONVERSION = YES;
				CLANG_WARN_DEPRECATED_OBJC_IMPLEMENTATIONS = YES;
				CLANG_WARN_DIRECT_OBJC_ISA_USAGE = YES_ERROR;
				CLANG_WARN_DOCUMENTATION_COMMENTS = YES;
				CLANG_WARN_EMPTY_BODY = YES;
				CLANG_WARN_ENUM_CONVERSION = YES;
				CLANG_WARN_INFINITE_RECURSION = YES;
				CLANG_WARN_INT_CONVERSION = YES;
				CLANG_WARN_NON_LITERAL_NULL_CONVERSION = YES;
				CLANG_WARN_OBJC_IMPLICIT_RETAIN_SELF = YES;
				CLANG_WARN_OBJC_LITERAL_CONVERSION = YES;
				CLANG_WARN_OBJC_ROOT_CLASS = YES_ERROR;
				CLANG_WARN_RANGE_LOOP_ANALYSIS = YES;
				CLANG_WARN_STRICT_PROTOTYPES = YES;
				CLANG_WARN_SUSPICIOUS_MOVE = YES;
				CLANG_WARN_UNGUARDED_AVAILABILITY = YES_AGGRESSIVE;
				CLANG_WARN_UNREACHABLE_CODE = YES;
				CLANG_WARN__DUPLICATE_METHOD_MATCH = YES;
				COPY_PHASE_STRIP = NO;
				DEBUG_INFORMATION_FORMAT = "dwarf-with-dsym";
				ENABLE_NS_ASSERTIONS = NO;
				ENABLE_STRICT_OBJC_MSGSEND = YES;
				GCC_C_LANGUAGE_STANDARD = gnu11;
				GCC_NO_COMMON_BLOCKS = YES;
				GCC_WARN_64_TO_32_BIT_CONVERSION = YES;
				GCC_WARN_ABOUT_RETURN_TYPE = YES_ERROR;
				GCC_WARN_UNDECLARED_SELECTOR = YES;
				GCC_WARN_UNINITIALIZED_AUTOS = YES_AGGRESSIVE;
				GCC_WARN_UNUSED_FUNCTION = YES;
				GCC_WARN_UNUSED_VARIABLE = YES;
				IPHONEOS_DEPLOYMENT_TARGET = 13.0;
				MTL_ENABLE_DEBUG_INFO = NO;
				MTL_FAST_MATH = YES;
				SDKROOT = iphoneos;
				SWIFT_COMPILATION_MODE = wholemodule;
				SWIFT_OPTIMIZATION_LEVEL = "-O";
				VALIDATE_PRODUCT = YES;
			};
			name = Release;
		};
		BA4C517B234058410024188C /* Debug */ = {
			isa = XCBuildConfiguration;
			buildSettings = {
				ASSETCATALOG_COMPILER_APPICON_NAME = AppIcon;
				CODE_SIGN_STYLE = Automatic;
				DEVELOPMENT_ASSET_PATHS = "\"VirtualTourist/Preview Content\"";
				DEVELOPMENT_TEAM = 96BN6Y34VN;
				ENABLE_PREVIEWS = YES;
				INFOPLIST_FILE = VirtualTourist/Info.plist;
				LD_RUNPATH_SEARCH_PATHS = (
					"$(inherited)",
					"@executable_path/Frameworks",
				);
				PRODUCT_BUNDLE_IDENTIFIER = Praxsis.VirtualTourist;
				PRODUCT_NAME = "$(TARGET_NAME)";
				SWIFT_VERSION = 5.0;
				TARGETED_DEVICE_FAMILY = "1,2";
			};
			name = Debug;
		};
		BA4C517C234058410024188C /* Release */ = {
			isa = XCBuildConfiguration;
			buildSettings = {
				ASSETCATALOG_COMPILER_APPICON_NAME = AppIcon;
				CODE_SIGN_STYLE = Automatic;
				DEVELOPMENT_ASSET_PATHS = "\"VirtualTourist/Preview Content\"";
				DEVELOPMENT_TEAM = 96BN6Y34VN;
				ENABLE_PREVIEWS = YES;
				INFOPLIST_FILE = VirtualTourist/Info.plist;
				LD_RUNPATH_SEARCH_PATHS = (
					"$(inherited)",
					"@executable_path/Frameworks",
				);
				PRODUCT_BUNDLE_IDENTIFIER = Praxsis.VirtualTourist;
				PRODUCT_NAME = "$(TARGET_NAME)";
				SWIFT_VERSION = 5.0;
				TARGETED_DEVICE_FAMILY = "1,2";
			};
			name = Release;
		};
/* End XCBuildConfiguration section */

/* Begin XCConfigurationList section */
		BA4C51612340583C0024188C /* Build configuration list for PBXProject "VirtualTourist" */ = {
			isa = XCConfigurationList;
			buildConfigurations = (
				BA4C5178234058410024188C /* Debug */,
				BA4C5179234058410024188C /* Release */,
			);
			defaultConfigurationIsVisible = 0;
			defaultConfigurationName = Release;
		};
		BA4C517A234058410024188C /* Build configuration list for PBXNativeTarget "VirtualTourist" */ = {
			isa = XCConfigurationList;
			buildConfigurations = (
				BA4C517B234058410024188C /* Debug */,
				BA4C517C234058410024188C /* Release */,
			);
			defaultConfigurationIsVisible = 0;
			defaultConfigurationName = Release;
		};
/* End XCConfigurationList section */

/* Begin XCVersionGroup section */
		BAECE841234073F7001989ED /* VirtualTourist.xcdatamodeld */ = {
			isa = XCVersionGroup;
			children = (
				BAECE842234073F7001989ED /* VirtualTourist.xcdatamodel */,
			);
			currentVersion = BAECE842234073F7001989ED /* VirtualTourist.xcdatamodel */;
			path = VirtualTourist.xcdatamodeld;
			sourceTree = "<group>";
			versionGroupType = wrapper.xcdatamodel;
		};
/* End XCVersionGroup section */
	};
	rootObject = BA4C515E2340583C0024188C /* Project object */;
}
